
Microsoft Visual Studio Solution File, Format Version 12.00
# Visual Studio Version 16
VisualStudioVersion = 16.0.30225.117
MinimumVisualStudioVersion = 10.0.40219.1
Project("{FAE04EC0-301F-11D3-BF4B-00C04F79EFBC}") = "MusicPlayer", "MusicPlayer\MusicPlayer.csproj", "{F4DC9240-ADB3-403E-953E-0EE8BC40CCCF}"
EndProject
Global
	GlobalSection(SolutionConfigurationPlatforms) = preSolution
		Debug|Any CPU = Debug|Any CPU
		Release|Any CPU = Release|Any CPU
	EndGlobalSection
	GlobalSection(ProjectConfigurationPlatforms) = postSolution
		{F4DC9240-ADB3-403E-953E-0EE8BC40CCCF}.Debug|Any CPU.ActiveCfg = Debug|Any CPU
		{F4DC9240-ADB3-403E-953E-0EE8BC40CCCF}.Debug|Any CPU.Build.0 = Debug|Any CPU
		{F4DC9240-ADB3-403E-953E-0EE8BC40CCCF}.Release|Any CPU.ActiveCfg = Release|Any CPU
		{F4DC9240-ADB3-403E-953E-0EE8BC40CCCF}.Release|Any CPU.Build.0 = Release|Any CPU
	EndGlobalSection
	GlobalSection(SolutionProperties) = preSolution
		HideSolutionNode = FALSE
	EndGlobalSection
	GlobalSection(ExtensibilityGlobals) = postSolution
		SolutionGuid = {10DD17F8-46EB-4037-9AFE-9A494519FE5A}
	EndGlobalSection
EndGlobal
